
Microsoft Visual Studio Solution File, Format Version 12.00
# Visual Studio Version 16
VisualStudioVersion = 16.0.30309.148
MinimumVisualStudioVersion = 10.0.40219.1
Project("{FAE04EC0-301F-11D3-BF4B-00C04F79EFBC}") = "按键转换", "按键转换\按键转换.csproj", "{81DED97E-67EF-434F-B9FC-558F08AB471D}"
EndProject
Global
	GlobalSection(SolutionConfigurationPlatforms) = preSolution
		Debug|Any CPU = Debug|Any CPU
		Release|Any CPU = Release|Any CPU
	EndGlobalSection
	GlobalSection(ProjectConfigurationPlatforms) = postSolution
		{81DED97E-67EF-434F-B9FC-558F08AB471D}.Debug|Any CPU.ActiveCfg = Debug|Any CPU
		{81DED97E-67EF-434F-B9FC-558F08AB471D}.Debug|Any CPU.Build.0 = Debug|Any CPU
		{81DED97E-67EF-434F-B9FC-558F08AB471D}.Release|Any CPU.ActiveCfg = Release|Any CPU
		{81DED97E-67EF-434F-B9FC-558F08AB471D}.Release|Any CPU.Build.0 = Release|Any CPU
	EndGlobalSection
	GlobalSection(SolutionProperties) = preSolution
		HideSolutionNode = FALSE
	EndGlobalSection
	GlobalSection(ExtensibilityGlobals) = postSolution
		SolutionGuid = {3C44AC0A-6BFB-4131-AD1B-691A05001FC4}
	EndGlobalSection
EndGlobal
